
Microsoft Visual Studio Solution File, Format Version 12.00
# Visual Studio 15
VisualStudioVersion = 15.0.28307.645
MinimumVisualStudioVersion = 10.0.40219.1
Project("{8BC9CEB8-8B4A-11D0-8D11-00A0C91BC942}") = "lianliankan_server", "lianliankan_server\lianliankan_server.vcxproj", "{365B45B5-7938-4D16-9C93-F3F31EA967BD}"
EndProject
Project("{8BC9CEB8-8B4A-11D0-8D11-00A0C91BC942}") = "lianliankan_client", "lianliankan_client\lianliankan_client.vcxproj", "{BD13DABC-B634-43A3-B625-D19B5B14C291}"
EndProject
Global
	GlobalSection(SolutionConfigurationPlatforms) = preSolution
		Debug|x64 = Debug|x64
		Debug|x86 = Debug|x86
		Release|x64 = Release|x64
		Release|x86 = Release|x86
	EndGlobalSection
	GlobalSection(ProjectConfigurationPlatforms) = postSolution
		{365B45B5-7938-4D16-9C93-F3F31EA967BD}.Debug|x64.ActiveCfg = Debug|x64
		{365B45B5-7938-4D16-9C93-F3F31EA967BD}.Debug|x64.Build.0 = Debug|x64
		{365B45B5-7938-4D16-9C93-F3F31EA967BD}.Debug|x86.ActiveCfg = Debug|Win32
		{365B45B5-7938-4D16-9C93-F3F31EA967BD}.Debug|x86.Build.0 = Debug|Win32
		{365B45B5-7938-4D16-9C93-F3F31EA967BD}.Release|x64.ActiveCfg = Release|x64
		{365B45B5-7938-4D16-9C93-F3F31EA967BD}.Release|x64.Build.0 = Release|x64
		{365B45B5-7938-4D16-9C93-F3F31EA967BD}.Release|x86.ActiveCfg = Release|Win32
		{365B45B5-7938-4D16-9C93-F3F31EA967BD}.Release|x86.Build.0 = Release|Win32
		{BD13DABC-B634-43A3-B625-D19B5B14C291}.Debug|x64.ActiveCfg = Debug|x64
		{BD13DABC-B634-43A3-B625-D19B5B14C291}.Debug|x64.Build.0 = Debug|x64
		{BD13DABC-B634-43A3-B625-D19B5B14C291}.Debug|x86.ActiveCfg = Debug|Win32
		{BD13DABC-B634-43A3-B625-D19B5B14C291}.Debug|x86.Build.0 = Debug|Win32
		{BD13DABC-B634-43A3-B625-D19B5B14C291}.Release|x64.ActiveCfg = Release|x64
		{BD13DABC-B634-43A3-B625-D19B5B14C291}.Release|x64.Build.0 = Release|x64
		{BD13DABC-B634-43A3-B625-D19B5B14C291}.Release|x86.ActiveCfg = Release|Win32
		{BD13DABC-B634-43A3-B625-D19B5B14C291}.Release|x86.Build.0 = Release|Win32
	EndGlobalSection
	GlobalSection(SolutionProperties) = preSolution
		HideSolutionNode = FALSE
	EndGlobalSection
	GlobalSection(ExtensibilityGlobals) = postSolution
		SolutionGuid = {1E54915A-9306-46B9-9C03-3DC010AD9BB6}
	EndGlobalSection
EndGlobal
